
Microsoft Visual Studio Solution File, Format Version 12.00
# Visual Studio Version 16
VisualStudioVersion = 16.0.30114.105
MinimumVisualStudioVersion = 10.0.40219.1
Project("{FAE04EC0-301F-11D3-BF4B-00C04F79EFBC}") = "BDUtil", "BDUtil\BDUtil.csproj", "{E89AA5CA-8F58-4C34-8319-8A702DA79652}"
EndProject
Project("{FAE04EC0-301F-11D3-BF4B-00C04F79EFBC}") = "BDUtil.Linq", "BDUtil.Linq\BDUtil.Linq.csproj", "{7E54DC01-682D-4CD4-8209-1F8AF830A206}"
EndProject
Global
	GlobalSection(SolutionConfigurationPlatforms) = preSolution
		Debug|Any CPU = Debug|Any CPU
		Release|Any CPU = Release|Any CPU
	EndGlobalSection
	GlobalSection(SolutionProperties) = preSolution
		HideSolutionNode = FALSE
	EndGlobalSection
	GlobalSection(ProjectConfigurationPlatforms) = postSolution
		{E89AA5CA-8F58-4C34-8319-8A702DA79652}.Debug|Any CPU.ActiveCfg = Debug|Any CPU
		{E89AA5CA-8F58-4C34-8319-8A702DA79652}.Debug|Any CPU.Build.0 = Debug|Any CPU
		{E89AA5CA-8F58-4C34-8319-8A702DA79652}.Release|Any CPU.ActiveCfg = Release|Any CPU
		{E89AA5CA-8F58-4C34-8319-8A702DA79652}.Release|Any CPU.Build.0 = Release|Any CPU
		{7E54DC01-682D-4CD4-8209-1F8AF830A206}.Debug|Any CPU.ActiveCfg = Debug|Any CPU
		{7E54DC01-682D-4CD4-8209-1F8AF830A206}.Debug|Any CPU.Build.0 = Debug|Any CPU
		{7E54DC01-682D-4CD4-8209-1F8AF830A206}.Release|Any CPU.ActiveCfg = Release|Any CPU
		{7E54DC01-682D-4CD4-8209-1F8AF830A206}.Release|Any CPU.Build.0 = Release|Any CPU
		{A01A89BB-13A0-49CD-85D7-3B8D377B8617}.Debug|Any CPU.ActiveCfg = Debug|Any CPU
		{A01A89BB-13A0-49CD-85D7-3B8D377B8617}.Debug|Any CPU.Build.0 = Debug|Any CPU
		{A01A89BB-13A0-49CD-85D7-3B8D377B8617}.Release|Any CPU.ActiveCfg = Release|Any CPU
		{A01A89BB-13A0-49CD-85D7-3B8D377B8617}.Release|Any CPU.Build.0 = Release|Any CPU
	EndGlobalSection
EndGlobal
